dependencies:
- name: postgresql
  repository: https://charts.bitnami.com/bitnami
  version: 12.9.0
- name: redis
  repository: https://charts.bitnami.com/bitnami
  version: 17.15.6
digest: sha256:44f762784dcd5e8300436cac06a20d65537043d1beb3e99700965da1342e4b79
generated: "2023-12-04T15:19:14.639167+02:00"
