dependencies:
- name: postgresql
  repository: https://charts.bitnami.com/bitnami
  version: 11.9.6
- name: redis
  repository: https://charts.bitnami.com/bitnami
  version: 17.3.1
digest: sha256:e11ccfe1d219ef88a4662456c3eaafc49cd3c2ecbf4d26ca32e023d41934c937
generated: "2022-10-03T15:51:55.50592+03:00"
